{
  "modules": [
    {
      "checksum": "sha256:a0d8d7ab381b3b86388d3ac890afc57884e7432ddf15a451e1f4b511a4514cc7",
      "files": [
        {
          "path": "copper.mod",
          "sha256": "dbff5750456b6baf5531fe2fe5292fca01b3032fdb66354c65358a2f6cfe5e87",
          "size": 37
        },
        {
          "path": "data/bundles/stm32g0b1/device.json",
          "sha256": "9d64f43fa419f73edeeb2bca4e84ff099eb8b53cd41d530697138fa9321b5511",
          "size": 696
        },
        {
          "path": "data/bundles/stm32g0b1/mux.csv",
          "sha256": "8c9f35057c38ecd24da3a0ffa980c8b337c0f1271f17a8ec0b486f50329ecb0e",
          "size": 49
        },
        {
          "path": "data/bundles/stm32g0b1/pads.csv",
          "sha256": "20bc01b499e0f5356cb1a971c890e5cb06a5c56a14b7496e3692d44a4831da76",
          "size": 250
        },
        {
          "path": "data/bundles/stm32g0b1/parts/stm32g0b1cbt6/part.json",
          "sha256": "e61168c64d35933b7b95d3a4adec135aad67e8e9596aa1ba5eebc77bea874d2f",
          "size": 473
        },
        {
          "path": "data/bundles/stm32g0b1/parts/stm32g0b1cbt6/pins.csv",
          "sha256": "e3ebcc3f27085e770166d25f4aec378e0afde297fc0ea4372cc7b19e56a53c23",
          "size": 298
        },
        {
          "path": "data/bundles/stm32g0b1/peripherals.csv",
          "sha256": "fdeba0bcdfe1c292aab20d2fff6ba47501515ab6c69b3f1dfffbba53c5e02f44",
          "size": 38
        },
        {
          "path": "data/case-studies/ad4134bcpz/sources.json",
          "sha256": "ff2474c75acd2bab81e102312dbe6156ad43865a6e58879b069d3a107c93644a",
          "size": 340
        },
        {
          "path": "data/case-studies/cases.json",
          "sha256": "25f69ae9156a6104968631a33d903d33251d4ead0c90051fc46ab9a74868bfab",
          "size": 8341
        },
        {
          "path": "data/case-studies/cyusb4014-fcaxi/sources.json",
          "sha256": "70cfbb84bca85e37b1f9b961e8544cdaf3e3b98d610672fa015cac46972a3b82",
          "size": 499
        },
        {
          "path": "data/case-studies/index.json",
          "sha256": "7fb96d59208e224adc26a07ae48964753b2c4d69a79e477795ba66fb29147fef",
          "size": 197
        },
        {
          "path": "data/case-studies/nrf52840-qiaa/sources.json",
          "sha256": "0db5f54a7bb91f3cef8ceb2a075092d6383a84bec345f389bcc0fae41078d21e",
          "size": 773
        },
        {
          "path": "data/case-studies/opa2197id/sources.json",
          "sha256": "9e72ab206eab2db1cbcfd6acae7f7c5ef7b1806c74de986f582dd31025428895",
          "size": 415
        },
        {
          "path": "data/full-vertical/nrf-antenna-hard-macro.json",
          "sha256": "efe80a431713048aafff9b549792181b8cb0133bb37c12390ac3c615dae02b13",
          "size": 12447
        },
        {
          "path": "data/full-vertical/nrf52832-qfaa-rf-reference.json",
          "sha256": "207ff21dda6881717e252cbb9e7f4dadfb0a51827068f7c001d770b700557cac",
          "size": 2354
        },
        {
          "path": "data/full-vertical/rf-audit.json",
          "sha256": "081714cca5aea8614c0a1a3870198938323e625c5b6fdaf30819be7d3f877bfe",
          "size": 2060
        },
        {
          "path": "data/full-vertical/usb-choke-audit.json",
          "sha256": "3fc689ac3a6b5bf6aec4a7ede31fe29ed68321cc83423bd9f9ff7ca77f01afb7",
          "size": 1097
        },
        {
          "path": "data/requests.json",
          "sha256": "3e5ac772ec66c0fae5d6e9992d3da7bf7e4abdb96a31890ed118990a70990be1",
          "size": 367
        },
        {
          "path": "data/sources.json",
          "sha256": "7629817c92822636df3b6467f3fb464687c9895ed96497a097005ac12852795e",
          "size": 540
        },
        {
          "path": "footprints/Connector_Debug.pretty/FTSH-105-01-L-DV-007-K.kicad_mod",
          "sha256": "4c66f92ed67d117b419c23e2c38d2d79a76a899d9680fa25068cba6cb3a44a5c",
          "size": 1833
        },
        {
          "path": "footprints/RF_Module.pretty/Quectel_EG800G.kicad_mod",
          "sha256": "1a45d714a7697d0476566333e1aac52e774c8e151df434075cc86caf30e8fb7e",
          "size": 12525
        },
        {
          "path": "footprints/RF_Module.pretty/u-blox_MAX-M10S.kicad_mod",
          "sha256": "6a87118c12a8b2a09eb5fab7b729489db47b0989d293fc24d129a673854101c5",
          "size": 4453
        },
        {
          "path": "generated/stm32g0b1_device.copper",
          "sha256": "b3c61d228055b6b74eee17058086ab49381e5fb6c8d482b470b9380ff1f72457",
          "size": 1141
        },
        {
          "path": "generated/stm32g0b1cbt6.copper",
          "sha256": "6953837209f59d9c6c21b65982a175d27bb2593fed03ca09f5b546aa967eacdc",
          "size": 1276
        },
        {
          "path": "packages/full_vertical/button.copper",
          "sha256": "ed062a27314c559f44c56ab9e43ae32fc2bedc2576579d316120d4739443fc9f",
          "size": 316
        },
        {
          "path": "packages/full_vertical/can_connector.copper",
          "sha256": "a4ca9837e91d5fd0c9d03f60487a210b00633b15ce741d5b63ab9f7c6a08b9ab",
          "size": 500
        },
        {
          "path": "packages/full_vertical/debug_header.copper",
          "sha256": "d82d92a56f5259e4ef998142e737e213a9c2edadea5a936dd8e8af1704ead499",
          "size": 517
        },
        {
          "path": "packages/full_vertical/eg800g_eu.copper",
          "sha256": "e4fb4dfdfca1d7d5b397e53485cf4059fe8ae69a22a767ba96abdd9ca3baa6e2",
          "size": 8851
        },
        {
          "path": "packages/full_vertical/led.copper",
          "sha256": "f5fbb85e550ad965cbda8a07ae59b573e4a9ba752f9ddb94ea5164aa3b280801",
          "size": 316
        },
        {
          "path": "packages/full_vertical/lis2dw12.copper",
          "sha256": "23919e3c337ca139f5d6e78df61aa0ed5cd13784189dab967384b21a7a0b42bc",
          "size": 1678
        },
        {
          "path": "packages/full_vertical/max_m10s.copper",
          "sha256": "d5c3ef286e9b47f9d31a54b83e79d230c31c0e847066a4ecf315da89f8c7f62b",
          "size": 2331
        },
        {
          "path": "packages/full_vertical/nrf52832_device.copper",
          "sha256": "58d5f119cee2a7705a0a07c5ca62e923f68bf07f55fd220b33733ee715fdc7b4",
          "size": 5285
        },
        {
          "path": "packages/full_vertical/nrf52832_qfaa.copper",
          "sha256": "5c3973905b9f553dcd860b0a04beb8826458c1cd4e9f548c5b2ee52069f6abfc",
          "size": 2865
        },
        {
          "path": "packages/full_vertical/open_drain_driver.copper",
          "sha256": "81e7bc7da7e71ce94068d1c0bd1534333377ff420b45df4822df68316fc78f58",
          "size": 499
        },
        {
          "path": "packages/full_vertical/power_tree.copper",
          "sha256": "b31a602444fb90d25a34efe1d60e7eb5aa587f42b9186cca5c1a01deb48142d2",
          "size": 2789
        },
        {
          "path": "packages/full_vertical/rf_antenna.copper",
          "sha256": "cdd68044c733355c0bb7f540836b54ac8639e1bf79d44ece4fff9f7263c7ad17",
          "size": 933
        },
        {
          "path": "packages/full_vertical/rf_connector.copper",
          "sha256": "0560b6d38fc0aa454a50cfce2f1a0c7d0652650859801e82895b35efea32573d",
          "size": 355
        },
        {
          "path": "packages/full_vertical/sim_socket.copper",
          "sha256": "894656bb3c78261ce383ddd22dd9599c6527c5af4718e15ae86b1a7de15756f3",
          "size": 919
        },
        {
          "path": "packages/full_vertical/stm32g0c1_device.copper",
          "sha256": "68e3e11039c33044600b6b596ffd2cbaa1f3adc4eee028bc2235c71c323e853d",
          "size": 9586
        },
        {
          "path": "packages/full_vertical/stm32g0c1ret6.copper",
          "sha256": "c489dc4acd114cff184a20428fbcb7e19e08e2e9d77ab855739aa93b0ca1d927",
          "size": 3328
        },
        {
          "path": "packages/full_vertical/swd_header.copper",
          "sha256": "56c338f7961b15c9dc69b008214a869e31c0ec72fb4dc7c240d6277d8c01573c",
          "size": 1183
        },
        {
          "path": "packages/full_vertical/tcan334g.copper",
          "sha256": "97c366dcac21debc335320d9f5ca389545f0470477b9e3150a0c1a1f10725333",
          "size": 1174
        },
        {
          "path": "packages/full_vertical/tps62130a.copper",
          "sha256": "8b418fbb5bdb77d0bba933ede7699734c06c1594d7b2c15f66c2e85327f233e4",
          "size": 2012
        },
        {
          "path": "packages/full_vertical/tusb320lai.copper",
          "sha256": "23e2de03e0184ec1e254492371093357e3bdeece8f8935fa2da7484a43af9f46",
          "size": 1807
        },
        {
          "path": "packages/full_vertical/uart_level_shifter.copper",
          "sha256": "1b618e6e5d46b2cf531a8f0eff9c2cfc54287ad0710429956d03e86bda878705",
          "size": 1035
        },
        {
          "path": "packages/full_vertical/usb_c_power_receptacle.copper",
          "sha256": "1b26ec9de320e690d47bb6259d0b75f1a1c42b224b49f87cee187f156d6c8af9",
          "size": 918
        },
        {
          "path": "packages/full_vertical/usb_common_mode_choke.copper",
          "sha256": "ef8d06c779045d4f727f550930f1eba1472592463cd4b8b6582035b3a0d66775",
          "size": 1253
        },
        {
          "path": "packages/full_vertical/xal4020_222mec.copper",
          "sha256": "004d96510d7d3f362a7fd625799e59b73810b48e5ae235f21c406f6bad44005c",
          "size": 627
        },
        {
          "path": "packages/nrf52_demo/cr2032_holder.copper",
          "sha256": "f2d51509e98aa1b45ae738a41edf08ca8bec0090421ce1bd15c05eb712a5e221",
          "size": 641
        },
        {
          "path": "packages/nrf52_demo/crystal.copper",
          "sha256": "20ba56a7d295e8f069075dedb6076b6b5bc1f1c7a41564dff758d682bb45035d",
          "size": 854
        },
        {
          "path": "packages/nrf52_demo/led.copper",
          "sha256": "7a020a2413004b687ccaaef66f96d75f2d7523cedf2cee99f02e0afa4218bacc",
          "size": 394
        },
        {
          "path": "reports/compatibility.json",
          "sha256": "48df25a7afcbd5d5b494b3226292f975987e3f57fb49ef623a32260cc5100c3f",
          "size": 13341
        },
        {
          "path": "tests/fixtures/compiler_smoke.copper",
          "sha256": "119c8d3a8b514d11f1472da3db1a5e3aaa74f52ec5245a93b257e616d78b9478",
          "size": 44
        },
        {
          "path": "work-packets/stm32g0b1cbt6-lqfp48-gpio-core.json",
          "sha256": "aa9f5c41482626290bea85cf0327be402b0aa67abb2a3b05c99e86837fe1819a",
          "size": 209
        }
      ],
      "module": "github.com/andenore/CopperLib",
      "source": "replace:../CopperLib",
      "version": "v0.1.0"
    },
    {
      "checksum": "sha256:f4b82a2583d7772e185cc3644c9d9232fbb31f69901c3a1b41b7025b4a4ff058",
      "files": [
        {
          "path": "compatibility/ad4134_device.copper",
          "sha256": "49617ef83d1719b46b8cbd7fc05056f1df958b77a84417d396d5ec935f20da5a",
          "size": 593
        },
        {
          "path": "compatibility/ad4134bcpz.copper",
          "sha256": "ef0f042bc603bd1a2d26eee682dec91a63b7ae088f65edc2537b3867df2ef1da",
          "size": 484
        },
        {
          "path": "compatibility/cyusb4014.copper",
          "sha256": "54696b92ad9d0c9c8f8fdfff0701220e94ea2828ec8d907d46e5586293960573",
          "size": 386
        },
        {
          "path": "compatibility/fx10_device.copper",
          "sha256": "5d9c608bc8934e9eda381342625625ac7c0622fa0fffa636a2745574f1721503",
          "size": 678
        },
        {
          "path": "compatibility/ice40_device.copper",
          "sha256": "6fa3edc841a7af72137ddc24fde08bc81b0c66c04e8869e4723483f8abd7cd75",
          "size": 480
        },
        {
          "path": "compatibility/ice40up5k.copper",
          "sha256": "fb9f513feafe144b9377f84ab075cf8db4664bf78c47c9f98b91d8ef19e9b182",
          "size": 332
        },
        {
          "path": "compatibility/iso6721.copper",
          "sha256": "82d8ce9298e5348b92e9df774b6eab3f3a0690655a51be636ef33ff2d331f438",
          "size": 417
        },
        {
          "path": "compatibility/iso6721_device.copper",
          "sha256": "07efbb29e5903e54629aa9dc458e88fe25d996f8971575e3a5605fe6b48d0d26",
          "size": 563
        },
        {
          "path": "compatibility/nrf52840_device.copper",
          "sha256": "72bf9dddf448826dbd8f8bf946847a1bff35c3d1562cd1475595319f2c786d15",
          "size": 821
        },
        {
          "path": "compatibility/nrf52840_qiaa.copper",
          "sha256": "a0bdbd104d5a62723177ced0f5f3a551737aaada09423f8cbafec5111ad4c812",
          "size": 340
        },
        {
          "path": "compatibility/opa2197_device.copper",
          "sha256": "32f87ade3ad18938d16083d0e10e357351d229e5a79b6c3336026af9a714d134",
          "size": 724
        },
        {
          "path": "compatibility/opa2197id.copper",
          "sha256": "285e537cfb3ef0e5f55221d1381f9d71963a6713d1a6b819c143366b00ca3bdc",
          "size": 499
        },
        {
          "path": "power/buck_5v_to_3v3.copper",
          "sha256": "c0f9771888748bebb220dc71b9942858ec4c1ec99fa97c663e88f84cee48bc9a",
          "size": 1424
        },
        {
          "path": "sensors/bme280.copper",
          "sha256": "a45df2077853ccdf8f7a530e17b34bfafef63c8a170974e6e4e53ffdd78df465",
          "size": 850
        },
        {
          "path": "stm32/stm32g0b1_device.copper",
          "sha256": "ec9138b99e8d5214b9259d836051cd207cf5958ec3c68967aa0c5364a246e2ea",
          "size": 2532
        },
        {
          "path": "stm32/stm32g0b1cbt6.copper",
          "sha256": "ef61b81011255085772f73ea74a71bf3f2c81ebb58ec4d14dc94c12609b98893",
          "size": 794
        }
      ],
      "module": "github.com/copperscript/examples",
      "source": "replace:./examples/packages",
      "version": "v0.1.0"
    }
  ],
  "schema": "copperscript.package-lock/v1"
}
