{
  "modules": [
    {
      "checksum": "sha256:46063f96387689b5d9bf91ead0b8769fd0b83d605fa9abb45f5b4529c75465c6",
      "files": [
        {
          "path": "copper.mod",
          "sha256": "dbff5750456b6baf5531fe2fe5292fca01b3032fdb66354c65358a2f6cfe5e87",
          "size": 37
        },
        {
          "path": "packages/circuits/nordic/nrf52832-johanson-reference/assets/nordic-qfaa-ldo-reference.json",
          "sha256": "207ff21dda6881717e252cbb9e7f4dadfb0a51827068f7c001d770b700557cac",
          "size": 2354
        },
        {
          "path": "packages/circuits/nordic/nrf52832-johanson-reference/assets/nrf52832-johanson-six-layer-trial.json",
          "sha256": "3e435afba3184b175533782e9354d0c228615c44a153d081bf90103926aa0348",
          "size": 12422
        },
        {
          "path": "packages/circuits/nordic/nrf52832-johanson-reference/circuit.copper",
          "sha256": "3327151c9b9ea92287528dbefa073f2ece196392777de98e09b9751e4e6f54c1",
          "size": 2044
        },
        {
          "path": "packages/generic/can-connector/part.copper",
          "sha256": "a4ca9837e91d5fd0c9d03f60487a210b00633b15ce741d5b63ab9f7c6a08b9ab",
          "size": 500
        },
        {
          "path": "packages/generic/debug-uart-header/part.copper",
          "sha256": "d82d92a56f5259e4ef998142e737e213a9c2edadea5a936dd8e8af1704ead499",
          "size": 517
        },
        {
          "path": "packages/generic/headers/header_1x02.copper",
          "sha256": "a714a93b7d311225293904f27ae9123816c71c323ff299718d9ff47d055194d3",
          "size": 361
        },
        {
          "path": "packages/generic/headers/header_1x04.copper",
          "sha256": "0435e8b5e7b644a6193c988533e1227a35fc9172468ac1f9a474b84b2f354ae2",
          "size": 507
        },
        {
          "path": "packages/generic/headers/header_1x06.copper",
          "sha256": "07cdc5b1a33d04c4b7173207061282155ef8fec39e47151245e37e60092ee30e",
          "size": 653
        },
        {
          "path": "packages/generic/led-0603/part.copper",
          "sha256": "f5fbb85e550ad965cbda8a07ae59b573e4a9ba752f9ddb94ea5164aa3b280801",
          "size": 316
        },
        {
          "path": "packages/generic/passives/capacitor.copper",
          "sha256": "16a7be8ed06e1e89facafd516b31b72eb4621cf1b703f8cbe0370a715998ddd1",
          "size": 269
        },
        {
          "path": "packages/generic/passives/inductor.copper",
          "sha256": "19c78968e6cafb68b9ca211c6024207b3afd7620a12e426211083b6991fef2c8",
          "size": 266
        },
        {
          "path": "packages/generic/switch-button/part.copper",
          "sha256": "484252cfbfcefa0521ade7cf295f6c72ca7c5fcc0eb2a9acbe97b09b2f8474a4",
          "size": 923
        },
        {
          "path": "packages/generic/u-fl-connector/part.copper",
          "sha256": "0560b6d38fc0aa454a50cfce2f1a0c7d0652650859801e82895b35efea32573d",
          "size": 355
        },
        {
          "path": "packages/interfaces/arm/swd-10pin/part.copper",
          "sha256": "56c338f7961b15c9dc69b008214a869e31c0ec72fb4dc7c240d6277d8c01573c",
          "size": 1183
        },
        {
          "path": "packages/parts/coilcraft/0603usb/evidence/usb-choke-audit.json",
          "sha256": "3fc689ac3a6b5bf6aec4a7ede31fe29ed68321cc83423bd9f9ff7ca77f01afb7",
          "size": 1097
        },
        {
          "path": "packages/parts/coilcraft/0603usb/part.copper",
          "sha256": "ef8d06c779045d4f727f550930f1eba1472592463cd4b8b6582035b3a0d66775",
          "size": 1253
        },
        {
          "path": "packages/parts/coilcraft/xal4020/part.copper",
          "sha256": "004d96510d7d3f362a7fd625799e59b73810b48e5ae235f21c406f6bad44005c",
          "size": 627
        },
        {
          "path": "packages/parts/fenghua/0402cg/part.copper",
          "sha256": "7bdcfdd0d33ae36a38b452c6ef12387e6dd246eeaa02f91951edc75d80d0b9a2",
          "size": 781
        },
        {
          "path": "packages/parts/gct/sim8060/part.copper",
          "sha256": "894656bb3c78261ce383ddd22dd9599c6527c5af4718e15ae86b1a7de15756f3",
          "size": 919
        },
        {
          "path": "packages/parts/gct/usb4135/part.copper",
          "sha256": "1b26ec9de320e690d47bb6259d0b75f1a1c42b224b49f87cee187f156d6c8af9",
          "size": 918
        },
        {
          "path": "packages/parts/johanson/2450at18a0100001e/evidence/rf-audit.json",
          "sha256": "081714cca5aea8614c0a1a3870198938323e625c5b6fdaf30819be7d3f877bfe",
          "size": 2060
        },
        {
          "path": "packages/parts/johanson/2450at18a0100001e/part.copper",
          "sha256": "cdd68044c733355c0bb7f540836b54ac8639e1bf79d44ece4fff9f7263c7ad17",
          "size": 933
        },
        {
          "path": "packages/parts/kento/kt0603r/footprints/KENTO_KT0603R.kicad_mod",
          "sha256": "6af1e7d3d576b9e5ad75a000c6cc2581b7521b57b1bb95978e899c409579240f",
          "size": 1591
        },
        {
          "path": "packages/parts/kento/kt0603r/part.copper",
          "sha256": "6e6554224c6d91740a82b1f64211a8a1b4dc80710a04832f0dc497ff78011d78",
          "size": 850
        },
        {
          "path": "packages/parts/keystone/3034/part.copper",
          "sha256": "66b3a114fca6a92874175bd94cd6a337a38492aead7a8c9defb384a4051f4c3c",
          "size": 1012
        },
        {
          "path": "packages/parts/nordic/nrf52832/device.copper",
          "sha256": "58d5f119cee2a7705a0a07c5ca62e923f68bf07f55fd220b33733ee715fdc7b4",
          "size": 5285
        },
        {
          "path": "packages/parts/nordic/nrf52832/part.copper",
          "sha256": "5c3973905b9f553dcd860b0a04beb8826458c1cd4e9f548c5b2ee52069f6abfc",
          "size": 2865
        },
        {
          "path": "packages/parts/quectel/eg800g-eu/footprints/Quectel_EG800G.kicad_mod",
          "sha256": "04c7d4959775476212750edb1ed2fc78bc98a30c086a8c183304b86d838b8747",
          "size": 12400
        },
        {
          "path": "packages/parts/quectel/eg800g-eu/part.copper",
          "sha256": "27528919471e93737adfde1632f8ffc2ff042268bbfda2df32194b98e9008449",
          "size": 8848
        },
        {
          "path": "packages/parts/samsung/cl05/part.copper",
          "sha256": "d40d56381b45a47e4822ac811cec11a51e26299898d8e1838edaffca5336ade8",
          "size": 621
        },
        {
          "path": "packages/parts/samsung/cl10/part-1uf.copper",
          "sha256": "07369a95414423738912ade9b5c39d3686b1d290b8e88ff8d2bf14ce0442661b",
          "size": 627
        },
        {
          "path": "packages/parts/samsung/cl10/part-4u7.copper",
          "sha256": "dd94dc1bc731e350e4ea8b80c496c223fcfe3596193dd960aaed2cd50bc299e1",
          "size": 629
        },
        {
          "path": "packages/parts/samtec/ftsh-105-01-l-dv-007-k/footprints/FTSH-105-01-L-DV-007-K.kicad_mod",
          "sha256": "4c66f92ed67d117b419c23e2c38d2d79a76a899d9680fa25068cba6cb3a44a5c",
          "size": 1833
        },
        {
          "path": "packages/parts/st/lis2dw12/part.copper",
          "sha256": "23919e3c337ca139f5d6e78df61aa0ed5cd13784189dab967384b21a7a0b42bc",
          "size": 1678
        },
        {
          "path": "packages/parts/st/stm32g0c1/device.copper",
          "sha256": "68e3e11039c33044600b6b596ffd2cbaa1f3adc4eee028bc2235c71c323e853d",
          "size": 9586
        },
        {
          "path": "packages/parts/st/stm32g0c1/part.copper",
          "sha256": "c489dc4acd114cff184a20428fbcb7e19e08e2e9d77ab855739aa93b0ca1d927",
          "size": 3328
        },
        {
          "path": "packages/parts/ti/tcan334g/part.copper",
          "sha256": "97c366dcac21debc335320d9f5ca389545f0470477b9e3150a0c1a1f10725333",
          "size": 1174
        },
        {
          "path": "packages/parts/ti/tps62130a/part.copper",
          "sha256": "8b418fbb5bdb77d0bba933ede7699734c06c1594d7b2c15f66c2e85327f233e4",
          "size": 2012
        },
        {
          "path": "packages/parts/ti/tusb320lai/part.copper",
          "sha256": "23e2de03e0184ec1e254492371093357e3bdeece8f8935fa2da7484a43af9f46",
          "size": 1807
        },
        {
          "path": "packages/parts/u-blox/max-m10s/footprints/u-blox_MAX-M10S.kicad_mod",
          "sha256": "724ada78323cfac5ad22bdbf96c675f4a8a880340c96e5d194ad09aee330871e",
          "size": 4385
        },
        {
          "path": "packages/parts/u-blox/max-m10s/part.copper",
          "sha256": "82d11e99ed228c891ef11a392403e69805344d06c565cc6ab1133a206bea5391",
          "size": 2330
        },
        {
          "path": "packages/parts/uniroyal/0603waf/part.copper",
          "sha256": "74ff74de563229c7aad414129f0ab33310b8f616cd5ef879769541eb60ca04ba",
          "size": 744
        },
        {
          "path": "packages/profiles/raspberry_pi/cm4/evidence/mechanics.json",
          "sha256": "832c0cdf55306bf1d517109e4a263bcab0aa5de14899f4c896458cc7d49d6474",
          "size": 1559
        },
        {
          "path": "packages/profiles/raspberry_pi/cm4/evidence/pinout.json",
          "sha256": "7332e0b9ea499142360510e463c9b673936af8e3e66d3caa70cb8a46e4f6f178",
          "size": 12437
        },
        {
          "path": "packages/profiles/raspberry_pi/cm4/gpio_socket.copper",
          "sha256": "46141dbaa6d455646786d0e0c43a3de2d628d3e6998ce6b41e3fe9a1c4ff3edb",
          "size": 11507
        },
        {
          "path": "packages/profiles/raspberry_pi/cm4/high_speed_socket.copper",
          "sha256": "584448f41b664cd85b603db540f4c5da8ecfc3cdee469a67022119f1d2434ad8",
          "size": 11385
        },
        {
          "path": "packages/profiles/raspberry_pi/cm4/mounting.copper",
          "sha256": "933afcc2bfb9e22b379905a7a4452a1e27be6b21c4387d9a72c573a962b9c08c",
          "size": 1783
        },
        {
          "path": "tests/fixtures/compiler_smoke.copper",
          "sha256": "06ca9511940f4d2aa3abbc7ac27c92559f1d2a6603bc7e9c1149ec10e56e71a8",
          "size": 42
        }
      ],
      "module": "github.com/andenore/CopperLib",
      "source": "git:https://github.com/andenore/CopperLib.git",
      "version": "6cc5eab18488be6de75e4f2e0bfa961aa3999844"
    },
    {
      "checksum": "sha256:1ceff53a878c032632fcd305090fff45680dfabc8e3f2778bf1afbea9f374dca",
      "files": [
        {
          "path": "compatibility/ad4134_device.copper",
          "sha256": "49617ef83d1719b46b8cbd7fc05056f1df958b77a84417d396d5ec935f20da5a",
          "size": 593
        },
        {
          "path": "compatibility/ad4134bcpz.copper",
          "sha256": "ef0f042bc603bd1a2d26eee682dec91a63b7ae088f65edc2537b3867df2ef1da",
          "size": 484
        },
        {
          "path": "compatibility/cyusb4014.copper",
          "sha256": "54696b92ad9d0c9c8f8fdfff0701220e94ea2828ec8d907d46e5586293960573",
          "size": 386
        },
        {
          "path": "compatibility/fx10_device.copper",
          "sha256": "5d9c608bc8934e9eda381342625625ac7c0622fa0fffa636a2745574f1721503",
          "size": 678
        },
        {
          "path": "compatibility/ice40_device.copper",
          "sha256": "6fa3edc841a7af72137ddc24fde08bc81b0c66c04e8869e4723483f8abd7cd75",
          "size": 480
        },
        {
          "path": "compatibility/ice40up5k.copper",
          "sha256": "fb9f513feafe144b9377f84ab075cf8db4664bf78c47c9f98b91d8ef19e9b182",
          "size": 332
        },
        {
          "path": "compatibility/iso6721.copper",
          "sha256": "82d8ce9298e5348b92e9df774b6eab3f3a0690655a51be636ef33ff2d331f438",
          "size": 417
        },
        {
          "path": "compatibility/iso6721_device.copper",
          "sha256": "07efbb29e5903e54629aa9dc458e88fe25d996f8971575e3a5605fe6b48d0d26",
          "size": 563
        },
        {
          "path": "compatibility/nrf52840_device.copper",
          "sha256": "72bf9dddf448826dbd8f8bf946847a1bff35c3d1562cd1475595319f2c786d15",
          "size": 821
        },
        {
          "path": "compatibility/nrf52840_qiaa.copper",
          "sha256": "a0bdbd104d5a62723177ced0f5f3a551737aaada09423f8cbafec5111ad4c812",
          "size": 340
        },
        {
          "path": "compatibility/opa2197_device.copper",
          "sha256": "32f87ade3ad18938d16083d0e10e357351d229e5a79b6c3336026af9a714d134",
          "size": 724
        },
        {
          "path": "compatibility/opa2197id.copper",
          "sha256": "285e537cfb3ef0e5f55221d1381f9d71963a6713d1a6b819c143366b00ca3bdc",
          "size": 499
        },
        {
          "path": "nrf52_support/crystal.copper",
          "sha256": "20ba56a7d295e8f069075dedb6076b6b5bc1f1c7a41564dff758d682bb45035d",
          "size": 854
        },
        {
          "path": "nrf52_support/led.copper",
          "sha256": "7a020a2413004b687ccaaef66f96d75f2d7523cedf2cee99f02e0afa4218bacc",
          "size": 394
        },
        {
          "path": "power/buck_5v_to_3v3.copper",
          "sha256": "c0f9771888748bebb220dc71b9942858ec4c1ec99fa97c663e88f84cee48bc9a",
          "size": 1424
        },
        {
          "path": "sensors/bme280.copper",
          "sha256": "a45df2077853ccdf8f7a530e17b34bfafef63c8a170974e6e4e53ffdd78df465",
          "size": 850
        },
        {
          "path": "stm32/stm32g0b1_device.copper",
          "sha256": "9c2f576892c0f60668b90cde9f52ee95d2af688d9f9fd912f5bcf7545731faed",
          "size": 2432
        },
        {
          "path": "stm32/stm32g0b1cbt6.copper",
          "sha256": "eb8913333fc9b41fe1172d44168034fa3275acf320142b0bdf161b8f62a1fe24",
          "size": 754
        },
        {
          "path": "vertical_support/open_drain_driver.copper",
          "sha256": "81e7bc7da7e71ce94068d1c0bd1534333377ff420b45df4822df68316fc78f58",
          "size": 499
        },
        {
          "path": "vertical_support/power_tree.copper",
          "sha256": "be3506387d2785d9bd5b73d2f59f50e46afe0da517d7b4d7ca8e069f36b6a89b",
          "size": 2964
        },
        {
          "path": "vertical_support/uart_level_shifter.copper",
          "sha256": "1b618e6e5d46b2cf531a8f0eff9c2cfc54287ad0710429956d03e86bda878705",
          "size": 1035
        }
      ],
      "module": "github.com/copperscript/examples",
      "source": "replace:./examples/packages",
      "version": "v0.1.0"
    }
  ],
  "schema": "copperscript.package-lock/v1"
}
