{
  "modules": [
    {
      "checksum": "sha256:cc0a9769536291f67511bfd3073699e8f46061409a4b54aa5dffa11c7bd76acd",
      "files": [
        {
          "path": "copper.mod",
          "sha256": "64ba4fb81cce9a3d396101cc30d3acaf2b8f70f2fda9e4af7cca1c944d91bc0e",
          "size": 38
        },
        {
          "path": "packages/circuits/nordic/nrf52832-johanson-reference/assets/nordic-qfaa-ldo-reference.json",
          "sha256": "a33f0545ba2bc7e543a2766ca0e7b9af04a02fcabaa5c3d78bd57e8666423ae5",
          "size": 2454
        },
        {
          "path": "packages/circuits/nordic/nrf52832-johanson-reference/assets/nrf52832-johanson-six-layer-trial.json",
          "sha256": "847261da97cdac7d6d59ae55d0a0c7280a9975862fe83dfb701dda8ed49bd541",
          "size": 13134
        },
        {
          "path": "packages/circuits/nordic/nrf52832-johanson-reference/circuit.copper",
          "sha256": "dc74de0b4a2a6d0add54fb04be21615efac383477809d80614098de056277b53",
          "size": 2085
        },
        {
          "path": "packages/generic/can-connector/part.copper",
          "sha256": "bb4fa840ce2f26c09195a6af9f9933b1416e042c9313c6d2d014696abd308d16",
          "size": 508
        },
        {
          "path": "packages/generic/debug-uart-header/part.copper",
          "sha256": "fd56a9149ef67c6d20880274cda3d04d70d317a87f4db64d3c85e1b89ce050ea",
          "size": 526
        },
        {
          "path": "packages/generic/headers/header_1x02.copper",
          "sha256": "eb4a66b21d4afc4aa5e720201aff4754377e7a8ae3f9fe14fefcefed62fc20c5",
          "size": 368
        },
        {
          "path": "packages/generic/headers/header_1x04.copper",
          "sha256": "c3b3ef863fbd404b1c6013b30a1f5363308571dab782395a8d8c0d1ee04b1093",
          "size": 516
        },
        {
          "path": "packages/generic/headers/header_1x06.copper",
          "sha256": "40616a565d9dcf434b14ed9c33d1cdea846cdf0e907389a9b5554cedfcb826a8",
          "size": 664
        },
        {
          "path": "packages/generic/led-0603/part.copper",
          "sha256": "c7eca205c8030543f59483733361300533a9c0c820dfcd2f80bb08b57ed35678",
          "size": 323
        },
        {
          "path": "packages/generic/passives/capacitor.copper",
          "sha256": "5d3a3873536dbb83bad05aeaf26511790561325fc62a7ad1cd9ae5229fb2e131",
          "size": 275
        },
        {
          "path": "packages/generic/passives/inductor.copper",
          "sha256": "7019679bf8c221d320863499fc098b0b81d385433ef3dbb0ff056a22f4e4e0ff",
          "size": 272
        },
        {
          "path": "packages/generic/switch-button/part.copper",
          "sha256": "5e80295296bf2bb1d55b2888b9fe7b8fa8a19f76d9ff343076746ade72df948e",
          "size": 939
        },
        {
          "path": "packages/generic/u-fl-connector/part.copper",
          "sha256": "84d8a29952b2ff5cea71c54b8dd9dd1d41c2f3ff84441125d308ee46354e9b68",
          "size": 362
        },
        {
          "path": "packages/interfaces/arm/swd-10pin/part.copper",
          "sha256": "61d9facae04669109b32fb242407c14e5a83b1cf65c7374e3c2f228f203ffa97",
          "size": 1201
        },
        {
          "path": "packages/parts/coilcraft/0603usb/evidence/usb-choke-audit.json",
          "sha256": "e43c5917d334e4b853d2ed3baa808c84b218273d60332d91c4f38f370a386096",
          "size": 1117
        },
        {
          "path": "packages/parts/coilcraft/0603usb/part.copper",
          "sha256": "2a74c5319ce6e2ce2b6ed2b6a091897172f92bd4b90505534eba3afeee134699",
          "size": 1272
        },
        {
          "path": "packages/parts/coilcraft/xal4020/part.copper",
          "sha256": "3051f03f93337df8bc3df9c0531234be83eb05ee201a0b402f8bb28966f8d228",
          "size": 638
        },
        {
          "path": "packages/parts/fenghua/0402cg/part.copper",
          "sha256": "68fbd0e6696bdf8cf29268ba7a734ac7f5a53cf097f2a3d3946caf5e5e0df88d",
          "size": 794
        },
        {
          "path": "packages/parts/gct/sim8060/part.copper",
          "sha256": "14496f9026f2e4862151815073362eff7a77c7bad766c57780177f957f6573f7",
          "size": 934
        },
        {
          "path": "packages/parts/gct/usb4135/part.copper",
          "sha256": "74316559c4c76115f9560bf288547b5fc386b0c02584d1b89ad0a8f03fc65056",
          "size": 933
        },
        {
          "path": "packages/parts/johanson/2450at18a0100001e/evidence/rf-audit.json",
          "sha256": "ab00f2bc4b1ffb42727ed128db1d49fef9c8f3275d78dce641741c9beb9e8a62",
          "size": 2090
        },
        {
          "path": "packages/parts/johanson/2450at18a0100001e/part.copper",
          "sha256": "0d8b45912a6fe506fc027dca3a93ba9e4b2bd560282d0f4caf0bac554719fab2",
          "size": 948
        },
        {
          "path": "packages/parts/kento/kt0603r/footprints/KENTO_KT0603R.kicad_mod",
          "sha256": "160e06bb017959cb64c54234bce1270f912444d95b31e2c85cc7391e43b8aeb1",
          "size": 1611
        },
        {
          "path": "packages/parts/kento/kt0603r/part.copper",
          "sha256": "dcd88648c219ec229129f4be56e06320ad96dd5bb2894265be2f6afeaa7772d7",
          "size": 865
        },
        {
          "path": "packages/parts/keystone/3034/part.copper",
          "sha256": "07f9a4fbbad61ca8d37e7b06bf9a4ac8a0b7e067f72cd3e5b3531374f3fe5d98",
          "size": 1028
        },
        {
          "path": "packages/parts/nordic/nrf52832/device.copper",
          "sha256": "81408bcf219347aba1a898ea044762bcdf0f1728ddb7f001ae263df51db42228",
          "size": 5344
        },
        {
          "path": "packages/parts/nordic/nrf52832/part.copper",
          "sha256": "8ab96c4e788e76bbaf1751bbc59e54fac22cc719dc76efaf3fecf3b0a365db8b",
          "size": 2925
        },
        {
          "path": "packages/parts/quectel/eg800g-eu/footprints/Quectel_EG800G.kicad_mod",
          "sha256": "1a45d714a7697d0476566333e1aac52e774c8e151df434075cc86caf30e8fb7e",
          "size": 12525
        },
        {
          "path": "packages/parts/quectel/eg800g-eu/part.copper",
          "sha256": "c1b5a4c84b951903b54e3044d6ac065aa1c81b7d23a9f4d16f074d0c6f039baf",
          "size": 8972
        },
        {
          "path": "packages/parts/samsung/cl05/part.copper",
          "sha256": "b8aa17af9e82f5d92ccf6024ad039b43c6e0b3599df351881b4a0db0c932475f",
          "size": 633
        },
        {
          "path": "packages/parts/samsung/cl10/part-1uf.copper",
          "sha256": "1b62fcc23426595ec7bd2ebeadd23b5dd2e107f46e1e9f20786d8ae892cfe084",
          "size": 639
        },
        {
          "path": "packages/parts/samsung/cl10/part-4u7.copper",
          "sha256": "c24b172b1bd990a925dd7278f2d370e5c155d91876a084cddd1acf9097801e9f",
          "size": 641
        },
        {
          "path": "packages/parts/samtec/ftsh-105-01-l-dv-007-k/footprints/FTSH-105-01-L-DV-007-K.kicad_mod",
          "sha256": "d17ae8d6024430837dc5d6d34a428e0a5d120942106f3fd627b51b13997d1831",
          "size": 1857
        },
        {
          "path": "packages/parts/st/lis2dw12/part.copper",
          "sha256": "a48e5e2eb8eefbd758e0ea916ff178b739d4442d5425fbec300fc3e140ddb938",
          "size": 1699
        },
        {
          "path": "packages/parts/st/stm32g0c1/device.copper",
          "sha256": "8d952339254abb2323f1ebf7b2b2cbec138c7af6c1c602bbebe2b07146ce558f",
          "size": 9686
        },
        {
          "path": "packages/parts/st/stm32g0c1/part.copper",
          "sha256": "bcd611ba112d99a7091b496e18e5fb2a27d311e042f781a8ac6603776c13276a",
          "size": 3404
        },
        {
          "path": "packages/parts/ti/tcan334g/part.copper",
          "sha256": "4365744075533ecaf9a514f248e9db8ce98c0fbf248e4c9bba179b9261134b1f",
          "size": 1191
        },
        {
          "path": "packages/parts/ti/tps62130a/part.copper",
          "sha256": "4cd931281414700255af02578b89cd13637b929ab20ca0fb0770d1d9f53a66b7",
          "size": 2040
        },
        {
          "path": "packages/parts/ti/tusb320lai/part.copper",
          "sha256": "807f2b0dbe6e199692d9c7380cf1f174f151f6793436a751fb7bb11b34d50c4a",
          "size": 1831
        },
        {
          "path": "packages/parts/u-blox/max-m10s/footprints/u-blox_MAX-M10S.kicad_mod",
          "sha256": "6a87118c12a8b2a09eb5fab7b729489db47b0989d293fc24d129a673854101c5",
          "size": 4453
        },
        {
          "path": "packages/parts/u-blox/max-m10s/part.copper",
          "sha256": "b4b0f68ee7da11b45dab18e1bc58ca87de2cb3e90c6d29953412e237b297adfc",
          "size": 2357
        },
        {
          "path": "packages/parts/uniroyal/0603waf/part.copper",
          "sha256": "0c2ecac2d7de4090ce2d4024a9c577cd2a723d3ee90b1b41010080958ee66d64",
          "size": 758
        },
        {
          "path": "packages/profiles/raspberry_pi/cm4/evidence/mechanics.json",
          "sha256": "09bc4f2d636666db1128f7e0d777127dda56a2fc4f7cc8829b8c64e381e67d12",
          "size": 1590
        },
        {
          "path": "packages/profiles/raspberry_pi/cm4/evidence/pinout.json",
          "sha256": "fa8aff08a840c2789c2360bfa2d2d6bf786a07b57c9383b2e38e4960c9b74044",
          "size": 13247
        },
        {
          "path": "packages/profiles/raspberry_pi/cm4/gpio_socket.copper",
          "sha256": "e1ff7c327a1a4209ccc0e95b3544137707390cc18c20856c19058a2ec6eb5371",
          "size": 11619
        },
        {
          "path": "packages/profiles/raspberry_pi/cm4/high_speed_socket.copper",
          "sha256": "cf3065c6df512812cd91d7a5bc42c89fc2e5f421e8becc983cc526b4c37109ee",
          "size": 11497
        },
        {
          "path": "packages/profiles/raspberry_pi/cm4/mounting.copper",
          "sha256": "2c72c8b47d4bf9f2b4f74aea58eeb6b6b84832486d81552e322cac7ccf2839d6",
          "size": 1808
        },
        {
          "path": "tests/fixtures/compiler_smoke.copper",
          "sha256": "119c8d3a8b514d11f1472da3db1a5e3aaa74f52ec5245a93b257e616d78b9478",
          "size": 44
        }
      ],
      "module": "github.com/andenore/CopperLib",
      "source": "git:https://github.com/andenore/CopperLib.git",
      "version": "bcc158d"
    }
  ],
  "schema": "copperscript.package-lock/v1"
}
